operation: block
description: The Block operation.
std_args: []
variants:
  cupy:
    eager: cp.block
  dask:
    eager: da.block
  numpy: {}
  tensorflow: {}
  keras: {}
  pytorch: {}
  jax: {}
  mlx: {}
  edge_onnx:
    generator: block
  edge_stablehlo:

    opcode: stablehlo.block
  llvm_cpp:
    template: unary
    scalar_expr: in0_val
