operation: MLPBlock
description: Multilayer perceptron block composed of multiple FeedForward layers.
std_args:
  - is_variadic: false
    kind: positional_or_keyword
    name: in_features
    type: int
  - is_variadic: false
    kind: positional_or_keyword
    name: hidden_features
    type: int
  - is_variadic: false
    kind: positional_or_keyword
    name: out_features
    type: int
variants:
  llvm_cpp:
    template: unary
    scalar_expr: in0_val
